
Microsoft Visual Studio Solution File, Format Version 12.00
# Visual Studio 15
VisualStudioVersion = 15.0.27703.2018
MinimumVisualStudioVersion = 10.0.40219.1
Project("{FAE04EC0-301F-11D3-BF4B-00C04F79EFBC}") = "FK test", "FK test\FK test.csproj", "{3D5067E9-8D99-43AC-86DE-7417F189016B}"
EndProject
Global
	GlobalSection(SolutionConfigurationPlatforms) = preSolution
		Debug|Any CPU = Debug|Any CPU
		Release|Any CPU = Release|Any CPU
	EndGlobalSection
	GlobalSection(ProjectConfigurationPlatforms) = postSolution
		{3D5067E9-8D99-43AC-86DE-7417F189016B}.Debug|Any CPU.ActiveCfg = Debug|Any CPU
		{3D5067E9-8D99-43AC-86DE-7417F189016B}.Debug|Any CPU.Build.0 = Debug|Any CPU
		{3D5067E9-8D99-43AC-86DE-7417F189016B}.Release|Any CPU.ActiveCfg = Release|Any CPU
		{3D5067E9-8D99-43AC-86DE-7417F189016B}.Release|Any CPU.Build.0 = Release|Any CPU
	EndGlobalSection
	GlobalSection(SolutionProperties) = preSolution
		HideSolutionNode = FALSE
	EndGlobalSection
	GlobalSection(ExtensibilityGlobals) = postSolution
		SolutionGuid = {F8E326D7-1937-4894-BF40-040A7DDBBD48}
	EndGlobalSection
EndGlobal
